[root]
name = "protocol"
version = "0.1.0"
dependencies = [
 "capnp 0.6.2 (registry+https://github.com/rust-lang/crates.io-index)",
 "capnpc 0.6.0 (registry+https://github.com/rust-lang/crates.io-index)",
]

[[package]]
name = "byteorder"
version = "0.4.2"
source = "registry+https://github.com/rust-lang/crates.io-index"

[[package]]
name = "capnp"
version = "0.6.2"
source = "registry+https://github.com/rust-lang/crates.io-index"
dependencies = [
 "byteorder 0.4.2 (registry+https://github.com/rust-lang/crates.io-index)",
]

[[package]]
name = "capnpc"
version = "0.6.0"
source = "registry+https://github.com/rust-lang/crates.io-index"
dependencies = [
 "capnp 0.6.2 (registry+https://github.com/rust-lang/crates.io-index)",
]

